{
    "_meta": {
        "hash": {
            "sha256": "31a61a2550b8030d26339f4fe1e01011c2484525278ce5050c2d65bce045a395"
        },
        "pipfile-spec": 6,
        "requires": {"python_version": "3.12"},
        "sources": [
            {"name": "pypi", "url": "https://pypi.org/simple", "verify_ssl": true}
        ],
    },
    "default": {},
    "develop": {},
}
